
Microsoft Visual Studio Solution File, Format Version 12.00
# Visual Studio Version 17
VisualStudioVersion = 17.10.35013.160
MinimumVisualStudioVersion = 10.0.40219.1
Project("{FAE04EC0-301F-11D3-BF4B-00C04F79EFBC}") = "DAL", "DAL\DAL.csproj", "{2B52DC74-8655-4788-814F-AA153DEF0484}"
EndProject
Project("{FAE04EC0-301F-11D3-BF4B-00C04F79EFBC}") = "BLL", "BLL\BLL.csproj", "{58B13F76-28F8-4A0B-9CFF-64D2E306F732}"
EndProject
Project("{FAE04EC0-301F-11D3-BF4B-00C04F79EFBC}") = "UI", "UI\UI.csproj", "{E72C2F61-D03D-479F-B3DB-FB23FEB80096}"
EndProject
Global
	GlobalSection(SolutionConfigurationPlatforms) = preSolution
		Debug|Any CPU = Debug|Any CPU
		Release|Any CPU = Release|Any CPU
	EndGlobalSection
	GlobalSection(ProjectConfigurationPlatforms) = postSolution
		{2B52DC74-8655-4788-814F-AA153DEF0484}.Debug|Any CPU.ActiveCfg = Debug|Any CPU
		{2B52DC74-8655-4788-814F-AA153DEF0484}.Debug|Any CPU.Build.0 = Debug|Any CPU
		{2B52DC74-8655-4788-814F-AA153DEF0484}.Release|Any CPU.ActiveCfg = Release|Any CPU
		{2B52DC74-8655-4788-814F-AA153DEF0484}.Release|Any CPU.Build.0 = Release|Any CPU
		{58B13F76-28F8-4A0B-9CFF-64D2E306F732}.Debug|Any CPU.ActiveCfg = Debug|Any CPU
		{58B13F76-28F8-4A0B-9CFF-64D2E306F732}.Debug|Any CPU.Build.0 = Debug|Any CPU
		{58B13F76-28F8-4A0B-9CFF-64D2E306F732}.Release|Any CPU.ActiveCfg = Release|Any CPU
		{58B13F76-28F8-4A0B-9CFF-64D2E306F732}.Release|Any CPU.Build.0 = Release|Any CPU
		{E72C2F61-D03D-479F-B3DB-FB23FEB80096}.Debug|Any CPU.ActiveCfg = Debug|Any CPU
		{E72C2F61-D03D-479F-B3DB-FB23FEB80096}.Debug|Any CPU.Build.0 = Debug|Any CPU
		{E72C2F61-D03D-479F-B3DB-FB23FEB80096}.Release|Any CPU.ActiveCfg = Release|Any CPU
		{E72C2F61-D03D-479F-B3DB-FB23FEB80096}.Release|Any CPU.Build.0 = Release|Any CPU
	EndGlobalSection
	GlobalSection(SolutionProperties) = preSolution
		HideSolutionNode = FALSE
	EndGlobalSection
	GlobalSection(ExtensibilityGlobals) = postSolution
		SolutionGuid = {F8EBC3C2-6BE0-4B39-81BA-0C0D9F275141}
	EndGlobalSection
EndGlobal
